// !$*UTF8*$!
{
	archiveVersion = 1;
	classes = {
	};
	objectVersion = 50;
	objects = {

/* Begin PBXBuildFile section */
		D329CE0D26D6EB3500551E5D /* AppDelegate.swift in Sources */ = {isa = PBXBuildFile; fileRef = D329CE0C26D6EB3500551E5D /* AppDelegate.swift */; };
		D329CE0F26D6EB3500551E5D /* SceneDelegate.swift in Sources */ = {isa = PBXBuildFile; fileRef = D329CE0E26D6EB3500551E5D /* SceneDelegate.swift */; };
		D329CE1126D6EB3500551E5D /* ViewController.swift in Sources */ = {isa = PBXBuildFile; fileRef = D329CE1026D6EB3500551E5D /* ViewController.swift */; };
		D329CE1426D6EB3500551E5D /* Main.storyboard in Resources */ = {isa = PBXBuildFile; fileRef = D329CE1226D6EB3500551E5D /* Main.storyboard */; };
		D329CE1726D6EB3500551E5D /* Table_View_Controller.xcdatamodeld in Sources */ = {isa = PBXBuildFile; fileRef = D329CE1526D6EB3500551E5D /* Table_View_Controller.xcdatamodeld */; };
		D329CE1926D6EB3700551E5D /* Assets.xcassets in Resources */ = {isa = PBXBuildFile; fileRef = D329CE1826D6EB3700551E5D /* Assets.xcassets */; };
		D329CE1C26D6EB3700551E5D /* LaunchScreen.storyboard in Resources */ = {isa = PBXBuildFile; fileRef = D329CE1A26D6EB3700551E5D /* LaunchScreen.storyboard */; };
		D329CE2726D6EB3700551E5D /* Table_View_ControllerTests.swift in Sources */ = {isa = PBXBuildFile; fileRef = D329CE2626D6EB3700551E5D /* Table_View_ControllerTests.swift */; };
		D329CE3226D6EB3700551E5D /* Table_View_ControllerUITests.swift in Sources */ = {isa = PBXBuildFile; fileRef = D329CE3126D6EB3700551E5D /* Table_View_ControllerUITests.swift */; };
/* End PBXBuildFile section */

/* Begin PBXContainerItemProxy section */
		D329CE2326D6EB3700551E5D /* PBXContainerItemProxy */ = {
			isa = PBXContainerItemProxy;
			containerPortal = D329CE0126D6EB3500551E5D /* Project object */;
			proxyType = 1;
			remoteGlobalIDString = D329CE0826D6EB3500551E5D;
			remoteInfo = "Table View Controller";
		};
		D329CE2E26D6EB3700551E5D /* PBXContainerItemProxy */ = {
			isa = PBXContainerItemProxy;
			containerPortal = D329CE0126D6EB3500551E5D /* Project object */;
			proxyType = 1;
			remoteGlobalIDString = D329CE0826D6EB3500551E5D;
			remoteInfo = "Table View Controller";
		};
/* End PBXContainerItemProxy section */

/* Begin PBXFileReference section */
		D329CE0926D6EB3500551E5D /* Table View Controller.app */ = {isa = PBXFileReference; explicitFileType = wrapper.application; includeInIndex = 0; path = "Table View Controller.app"; sourceTree = BUILT_PRODUCTS_DIR; };
		D329CE0C26D6EB3500551E5D /* AppDelegate.swift */ = {isa = PBXFileReference; lastKnownFileType = sourcecode.swift; path = AppDelegate.swift; sourceTree = "<group>"; };
		D329CE0E26D6EB3500551E5D /* SceneDelegate.swift */ = {isa = PBXFileReference; lastKnownFileType = sourcecode.swift; path = SceneDelegate.swift; sourceTree = "<group>"; };
		D329CE1026D6EB3500551E5D /* ViewController.swift */ = {isa = PBXFileReference; lastKnownFileType = sourcecode.swift; path = ViewController.swift; sourceTree = "<group>"; };
		D329CE1326D6EB3500551E5D /* Base */ = {isa = PBXFileReference; lastKnownFileType = file.storyboard; name = Base; path = Base.lproj/Main.storyboard; sourceTree = "<group>"; };
		D329CE1626D6EB3500551E5D /* Table_View_Controller.xcdatamodel */ = {isa = PBXFileReference; lastKnownFileType = wrapper.xcdatamodel; path = Table_View_Controller.xcdatamodel; sourceTree = "<group>"; };
		D329CE1826D6EB3700551E5D /* Assets.xcassets */ = {isa = PBXFileReference; lastKnownFileType = folder.assetcatalog; path = Assets.xcassets; sourceTree = "<group>"; };
		D329CE1B26D6EB3700551E5D /* Base */ = {isa = PBXFileReference; lastKnownFileType = file.storyboard; name = Base; path = Base.lproj/LaunchScreen.storyboard; sourceTree = "<group>"; };
		D329CE1D26D6EB3700551E5D /* Info.plist */ = {isa = PBXFileReference; lastKnownFileType = text.plist.xml; path = Info.plist; sourceTree = "<group>"; };
		D329CE2226D6EB3700551E5D /* Table View ControllerTests.xctest */ = {isa = PBXFileReference; explicitFileType = wrapper.cfbundle; includeInIndex = 0; path = "Table View ControllerTests.xctest"; sourceTree = BUILT_PRODUCTS_DIR; };
		D329CE2626D6EB3700551E5D /* Table_View_ControllerTests.swift */ = {isa = PBXFileReference; lastKnownFileType = sourcecode.swift; path = Table_View_ControllerTests.swift; sourceTree = "<group>"; };
		D329CE2826D6EB3700551E5D /* Info.plist */ = {isa = PBXFileReference; lastKnownFileType = text.plist.xml; path = Info.plist; sourceTree = "<group>"; };
		D329CE2D26D6EB3700551E5D /* Table View ControllerUITests.xctest */ = {isa = PBXFileReference; explicitFileType = wrapper.cfbundle; includeInIndex = 0; path = "Table View ControllerUITests.xctest"; sourceTree = BUILT_PRODUCTS_DIR; };
		D329CE3126D6EB3700551E5D /* Table_View_ControllerUITests.swift */ = {isa = PBXFileReference; lastKnownFileType = sourcecode.swift; path = Table_View_ControllerUITests.swift; sourceTree = "<group>"; };
		D329CE3326D6EB3700551E5D /* Info.plist */ = {isa = PBXFileReference; lastKnownFileType = text.plist.xml; path = Info.plist; sourceTree = "<group>"; };
/* End PBXFileReference section */

/* Begin PBXFrameworksBuildPhase section */
		D329CE0626D6EB3500551E5D /* Frameworks */ = {
			isa = PBXFrameworksBuildPhase;
			buildActionMask = 2147483647;
			files = (
			);
			runOnlyForDeploymentPostprocessing = 0;
		};
		D329CE1F26D6EB3700551E5D /* Frameworks */ = {
			isa = PBXFrameworksBuildPhase;
			buildActionMask = 2147483647;
			files = (
			);
			runOnlyForDeploymentPostprocessing = 0;
		};
		D329CE2A26D6EB3700551E5D /* Frameworks */ = {
			isa = PBXFrameworksBuildPhase;
			buildActionMask = 2147483647;
			files = (
			);
			runOnlyForDeploymentPostprocessing = 0;
		};
/* End PBXFrameworksBuildPhase section */

/* Begin PBXGroup section */
		D329CE0026D6EB3500551E5D = {
			isa = PBXGroup;
			children = (
				D329CE0B26D6EB3500551E5D /* Table View Controller */,
				D329CE2526D6EB3700551E5D /* Table View ControllerTests */,
				D329CE3026D6EB3700551E5D /* Table View ControllerUITests */,
				D329CE0A26D6EB3500551E5D /* Products */,
			);
			sourceTree = "<group>";
		};
		D329CE0A26D6EB3500551E5D /* Products */ = {
			isa = PBXGroup;
			children = (
				D329CE0926D6EB3500551E5D /* Table View Controller.app */,
				D329CE2226D6EB3700551E5D /* Table View ControllerTests.xctest */,
				D329CE2D26D6EB3700551E5D /* Table View ControllerUITests.xctest */,
			);
			name = Products;
			sourceTree = "<group>";
		};
		D329CE0B26D6EB3500551E5D /* Table View Controller */ = {
			isa = PBXGroup;
			children = (
				D329CE0C26D6EB3500551E5D /* AppDelegate.swift */,
				D329CE0E26D6EB3500551E5D /* SceneDelegate.swift */,
				D329CE1026D6EB3500551E5D /* ViewController.swift */,
				D329CE1226D6EB3500551E5D /* Main.storyboard */,
				D329CE1826D6EB3700551E5D /* Assets.xcassets */,
				D329CE1A26D6EB3700551E5D /* LaunchScreen.storyboard */,
				D329CE1D26D6EB3700551E5D /* Info.plist */,
				D329CE1526D6EB3500551E5D /* Table_View_Controller.xcdatamodeld */,
			);
			path = "Table View Controller";
			sourceTree = "<group>";
		};
		D329CE2526D6EB3700551E5D /* Table View ControllerTests */ = {
			isa = PBXGroup;
			children = (
				D329CE2626D6EB3700551E5D /* Table_View_ControllerTests.swift */,
				D329CE2826D6EB3700551E5D /* Info.plist */,
			);
			path = "Table View ControllerTests";
			sourceTree = "<group>";
		};
		D329CE3026D6EB3700551E5D /* Table View ControllerUITests */ = {
			isa = PBXGroup;
			children = (
				D329CE3126D6EB3700551E5D /* Table_View_ControllerUITests.swift */,
				D329CE3326D6EB3700551E5D /* Info.plist */,
			);
			path = "Table View ControllerUITests";
			sourceTree = "<group>";
		};
/* End PBXGroup section */

/* Begin PBXNativeTarget section */
		D329CE0826D6EB3500551E5D /* Table View Controller */ = {
			isa = PBXNativeTarget;
			buildConfigurationList = D329CE3626D6EB3700551E5D /* Build configuration list for PBXNativeTarget "Table View Controller" */;
			buildPhases = (
				D329CE0526D6EB3500551E5D /* Sources */,
				D329CE0626D6EB3500551E5D /* Frameworks */,
				D329CE0726D6EB3500551E5D /* Resources */,
			);
			buildRules = (
			);
			dependencies = (
			);
			name = "Table View Controller";
			productName = "Table View Controller";
			productReference = D329CE0926D6EB3500551E5D /* Table View Controller.app */;
			productType = "com.apple.product-type.application";
		};
		D329CE2126D6EB3700551E5D /* Table View ControllerTests */ = {
			isa = PBXNativeTarget;
			buildConfigurationList = D329CE3926D6EB3700551E5D /* Build configuration list for PBXNativeTarget "Table View ControllerTests" */;
			buildPhases = (
				D329CE1E26D6EB3700551E5D /* Sources */,
				D329CE1F26D6EB3700551E5D /* Frameworks */,
				D329CE2026D6EB3700551E5D /* Resources */,
			);
			buildRules = (
			);
			dependencies = (
				D329CE2426D6EB3700551E5D /* PBXTargetDependency */,
			);
			name = "Table View ControllerTests";
			productName = "Table View ControllerTests";
			productReference = D329CE2226D6EB3700551E5D /* Table View ControllerTests.xctest */;
			productType = "com.apple.product-type.bundle.unit-test";
		};
		D329CE2C26D6EB3700551E5D /* Table View ControllerUITests */ = {
			isa = PBXNativeTarget;
			buildConfigurationList = D329CE3C26D6EB3700551E5D /* Build configuration list for PBXNativeTarget "Table View ControllerUITests" */;
			buildPhases = (
				D329CE2926D6EB3700551E5D /* Sources */,
				D329CE2A26D6EB3700551E5D /* Frameworks */,
				D329CE2B26D6EB3700551E5D /* Resources */,
			);
			buildRules = (
			);
			dependencies = (
				D329CE2F26D6EB3700551E5D /* PBXTargetDependency */,
			);
			name = "Table View ControllerUITests";
			productName = "Table View ControllerUITests";
			productReference = D329CE2D26D6EB3700551E5D /* Table View ControllerUITests.xctest */;
			productType = "com.apple.product-type.bundle.ui-testing";
		};
/* End PBXNativeTarget section */

/* Begin PBXProject section */
		D329CE0126D6EB3500551E5D /* Project object */ = {
			isa = PBXProject;
			attributes = {
				LastSwiftUpdateCheck = 1250;
				LastUpgradeCheck = 1250;
				TargetAttributes = {
					D329CE0826D6EB3500551E5D = {
						CreatedOnToolsVersion = 12.5.1;
					};
					D329CE2126D6EB3700551E5D = {
						CreatedOnToolsVersion = 12.5.1;
						TestTargetID = D329CE0826D6EB3500551E5D;
					};
					D329CE2C26D6EB3700551E5D = {
						CreatedOnToolsVersion = 12.5.1;
						TestTargetID = D329CE0826D6EB3500551E5D;
					};
				};
			};
			buildConfigurationList = D329CE0426D6EB3500551E5D /* Build configuration list for PBXProject "Table View Controller" */;
			compatibilityVersion = "Xcode 9.3";
			developmentRegion = en;
			hasScannedForEncodings = 0;
			knownRegions = (
				en,
				Base,
			);
			mainGroup = D329CE0026D6EB3500551E5D;
			productRefGroup = D329CE0A26D6EB3500551E5D /* Products */;
			projectDirPath = "";
			projectRoot = "";
			targets = (
				D329CE0826D6EB3500551E5D /* Table View Controller */,
				D329CE2126D6EB3700551E5D /* Table View ControllerTests */,
				D329CE2C26D6EB3700551E5D /* Table View ControllerUITests */,
			);
		};
/* End PBXProject section */

/* Begin PBXResourcesBuildPhase section */
		D329CE0726D6EB3500551E5D /* Resources */ = {
			isa = PBXResourcesBuildPhase;
			buildActionMask = 2147483647;
			files = (
				D329CE1C26D6EB3700551E5D /* LaunchScreen.storyboard in Resources */,
				D329CE1926D6EB3700551E5D /* Assets.xcassets in Resources */,
				D329CE1426D6EB3500551E5D /* Main.storyboard in Resources */,
			);
			runOnlyForDeploymentPostprocessing = 0;
		};
		D329CE2026D6EB3700551E5D /* Resources */ = {
			isa = PBXResourcesBuildPhase;
			buildActionMask = 2147483647;
			files = (
			);
			runOnlyForDeploymentPostprocessing = 0;
		};
		D329CE2B26D6EB3700551E5D /* Resources */ = {
			isa = PBXResourcesBuildPhase;
			buildActionMask = 2147483647;
			files = (
			);
			runOnlyForDeploymentPostprocessing = 0;
		};
/* End PBXResourcesBuildPhase section */

/* Begin PBXSourcesBuildPhase section */
		D329CE0526D6EB3500551E5D /* Sources */ = {
			isa = PBXSourcesBuildPhase;
			buildActionMask = 2147483647;
			files = (
				D329CE1126D6EB3500551E5D /* ViewController.swift in Sources */,
				D329CE0D26D6EB3500551E5D /* AppDelegate.swift in Sources */,
				D329CE0F26D6EB3500551E5D /* SceneDelegate.swift in Sources */,
				D329CE1726D6EB3500551E5D /* Table_View_Controller.xcdatamodeld in Sources */,
			);
			runOnlyForDeploymentPostprocessing = 0;
		};
		D329CE1E26D6EB3700551E5D /* Sources */ = {
			isa = PBXSourcesBuildPhase;
			buildActionMask = 2147483647;
			files = (
				D329CE2726D6EB3700551E5D /* Table_View_ControllerTests.swift in Sources */,
			);
			runOnlyForDeploymentPostprocessing = 0;
		};
		D329CE2926D6EB3700551E5D /* Sources */ = {
			isa = PBXSourcesBuildPhase;
			buildActionMask = 2147483647;
			files = (
				D329CE3226D6EB3700551E5D /* Table_View_ControllerUITests.swift in Sources */,
			);
			runOnlyForDeploymentPostprocessing = 0;
		};
/* End PBXSourcesBuildPhase section */

/* Begin PBXTargetDependency section */
		D329CE2426D6EB3700551E5D /* PBXTargetDependency */ = {
			isa = PBXTargetDependency;
			target = D329CE0826D6EB3500551E5D /* Table View Controller */;
			targetProxy = D329CE2326D6EB3700551E5D /* PBXContainerItemProxy */;
		};
		D329CE2F26D6EB3700551E5D /* PBXTargetDependency */ = {
			isa = PBXTargetDependency;
			target = D329CE0826D6EB3500551E5D /* Table View Controller */;
			targetProxy = D329CE2E26D6EB3700551E5D /* PBXContainerItemProxy */;
		};
/* End PBXTargetDependency section */

/* Begin PBXVariantGroup section */
		D329CE1226D6EB3500551E5D /* Main.storyboard */ = {
			isa = PBXVariantGroup;
			children = (
				D329CE1326D6EB3500551E5D /* Base */,
			);
			name = Main.storyboard;
			sourceTree = "<group>";
		};
		D329CE1A26D6EB3700551E5D /* LaunchScreen.storyboard */ = {
			isa = PBXVariantGroup;
			children = (
				D329CE1B26D6EB3700551E5D /* Base */,
			);
			name = LaunchScreen.storyboard;
			sourceTree = "<group>";
		};
/* End PBXVariantGroup section */

/* Begin XCBuildConfiguration section */
		D329CE3426D6EB3700551E5D /* Debug */ = {
			isa = XCBuildConfiguration;
			buildSettings = {
				ALWAYS_SEARCH_USER_PATHS = NO;
				CLANG_ANALYZER_NONNULL = YES;
				CLANG_ANALYZER_NUMBER_OBJECT_CONVERSION = YES_AGGRESSIVE;
				CLANG_CXX_LANGUAGE_STANDARD = "gnu++14";
				CLANG_CXX_LIBRARY = "libc++";
				CLANG_ENABLE_MODULES = YES;
				CLANG_ENABLE_OBJC_ARC = YES;
				CLANG_ENABLE_OBJC_WEAK = YES;
				CLANG_WARN_BLOCK_CAPTURE_AUTORELEASING = YES;
				CLANG_WARN_BOOL_CONVERSION = YES;
				CLANG_WARN_COMMA = YES;
				CLANG_WARN_CONSTANT_CONVERSION = YES;
				CLANG_WARN_DEPRECATED_OBJC_IMPLEMENTATIONS = YES;
				CLANG_WARN_DIRECT_OBJC_ISA_USAGE = YES_ERROR;
				CLANG_WARN_DOCUMENTATION_COMMENTS = YES;
				CLANG_WARN_EMPTY_BODY = YES;
				CLANG_WARN_ENUM_CONVERSION = YES;
				CLANG_WARN_INFINITE_RECURSION = YES;
				CLANG_WARN_INT_CONVERSION = YES;
				CLANG_WARN_NON_LITERAL_NULL_CONVERSION = YES;
				CLANG_WARN_OBJC_IMPLICIT_RETAIN_SELF = YES;
				CLANG_WARN_OBJC_LITERAL_CONVERSION = YES;
				CLANG_WARN_OBJC_ROOT_CLASS = YES_ERROR;
				CLANG_WARN_QUOTED_INCLUDE_IN_FRAMEWORK_HEADER = YES;
				CLANG_WARN_RANGE_LOOP_ANALYSIS = YES;
				CLANG_WARN_STRICT_PROTOTYPES = YES;
				CLANG_WARN_SUSPICIOUS_MOVE = YES;
				CLANG_WARN_UNGUARDED_AVAILABILITY = YES_AGGRESSIVE;
				CLANG_WARN_UNREACHABLE_CODE = YES;
				CLANG_WARN__DUPLICATE_METHOD_MATCH = YES;
				COPY_PHASE_STRIP = NO;
				DEBUG_INFORMATION_FORMAT = dwarf;
				ENABLE_STRICT_OBJC_MSGSEND = YES;
				ENABLE_TESTABILITY = YES;
				GCC_C_LANGUAGE_STANDARD = gnu11;
				GCC_DYNAMIC_NO_PIC = NO;
				GCC_NO_COMMON_BLOCKS = YES;
				GCC_OPTIMIZATION_LEVEL = 0;
				GCC_PREPROCESSOR_DEFINITIONS = (
					"DEBUG=1",
					"$(inherited)",
				);
				GCC_WARN_64_TO_32_BIT_CONVERSION = YES;
				GCC_WARN_ABOUT_RETURN_TYPE = YES_ERROR;
				GCC_WARN_UNDECLARED_SELECTOR = YES;
				GCC_WARN_UNINITIALIZED_AUTOS = YES_AGGRESSIVE;
				GCC_WARN_UNUSED_FUNCTION = YES;
				GCC_WARN_UNUSED_VARIABLE = YES;
				IPHONEOS_DEPLOYMENT_TARGET = 14.5;
				MTL_ENABLE_DEBUG_INFO = INCLUDE_SOURCE;
				MTL_FAST_MATH = YES;
				ONLY_ACTIVE_ARCH = YES;
				SDKROOT = iphoneos;
				SWIFT_ACTIVE_COMPILATION_CONDITIONS = DEBUG;
				SWIFT_OPTIMIZATION_LEVEL = "-Onone";
			};
			name = Debug;
		};
		D329CE3526D6EB3700551E5D /* Release */ = {
			isa = XCBuildConfiguration;
			buildSettings = {
				ALWAYS_SEARCH_USER_PATHS = NO;
				CLANG_ANALYZER_NONNULL = YES;
				CLANG_ANALYZER_NUMBER_OBJECT_CONVERSION = YES_AGGRESSIVE;
				CLANG_CXX_LANGUAGE_STANDARD = "gnu++14";
				CLANG_CXX_LIBRARY = "libc++";
				CLANG_ENABLE_MODULES = YES;
				CLANG_ENABLE_OBJC_ARC = YES;
				CLANG_ENABLE_OBJC_WEAK = YES;
				CLANG_WARN_BLOCK_CAPTURE_AUTORELEASING = YES;
				CLANG_WARN_BOOL_CONVERSION = YES;
				CLANG_WARN_COMMA = YES;
				CLANG_WARN_CONSTANT_CONVERSION = YES;
				CLANG_WARN_DEPRECATED_OBJC_IMPLEMENTATIONS = YES;
				CLANG_WARN_DIRECT_OBJC_ISA_USAGE = YES_ERROR;
				CLANG_WARN_DOCUMENTATION_COMMENTS = YES;
				CLANG_WARN_EMPTY_BODY = YES;
				CLANG_WARN_ENUM_CONVERSION = YES;
				CLANG_WARN_INFINITE_RECURSION = YES;
				CLANG_WARN_INT_CONVERSION = YES;
				CLANG_WARN_NON_LITERAL_NULL_CONVERSION = YES;
				CLANG_WARN_OBJC_IMPLICIT_RETAIN_SELF = YES;
				CLANG_WARN_OBJC_LITERAL_CONVERSION = YES;
				CLANG_WARN_OBJC_ROOT_CLASS = YES_ERROR;
				CLANG_WARN_QUOTED_INCLUDE_IN_FRAMEWORK_HEADER = YES;
				CLANG_WARN_RANGE_LOOP_ANALYSIS = YES;
				CLANG_WARN_STRICT_PROTOTYPES = YES;
				CLANG_WARN_SUSPICIOUS_MOVE = YES;
				CLANG_WARN_UNGUARDED_AVAILABILITY = YES_AGGRESSIVE;
				CLANG_WARN_UNREACHABLE_CODE = YES;
				CLANG_WARN__DUPLICATE_METHOD_MATCH = YES;
				COPY_PHASE_STRIP = NO;
				DEBUG_INFORMATION_FORMAT = "dwarf-with-dsym";
				ENABLE_NS_ASSERTIONS = NO;
				ENABLE_STRICT_OBJC_MSGSEND = YES;
				GCC_C_LANGUAGE_STANDARD = gnu11;
				GCC_NO_COMMON_BLOCKS = YES;
				GCC_WARN_64_TO_32_BIT_CONVERSION = YES;
				GCC_WARN_ABOUT_RETURN_TYPE = YES_ERROR;
				GCC_WARN_UNDECLARED_SELECTOR = YES;
				GCC_WARN_UNINITIALIZED_AUTOS = YES_AGGRESSIVE;
				GCC_WARN_UNUSED_FUNCTION = YES;
				GCC_WARN_UNUSED_VARIABLE = YES;
				IPHONEOS_DEPLOYMENT_TARGET = 14.5;
				MTL_ENABLE_DEBUG_INFO = NO;
				MTL_FAST_MATH = YES;
				SDKROOT = iphoneos;
				SWIFT_COMPILATION_MODE = wholemodule;
				SWIFT_OPTIMIZATION_LEVEL = "-O";
				VALIDATE_PRODUCT = YES;
			};
			name = Release;
		};
		D329CE3726D6EB3700551E5D /* Debug */ = {
			isa = XCBuildConfiguration;
			buildSettings = {
				ASSETCATALOG_COMPILER_APPICON_NAME = AppIcon;
				ASSETCATALOG_COMPILER_GLOBAL_ACCENT_COLOR_NAME = AccentColor;
				CODE_SIGN_STYLE = Automatic;
				DEVELOPMENT_TEAM = LWABM5NUJY;
				INFOPLIST_FILE = "Table View Controller/Info.plist";
				LD_RUNPATH_SEARCH_PATHS = (
					"$(inherited)",
					"@executable_path/Frameworks",
				);
				PRODUCT_BUNDLE_IDENTIFIER = "br.com.lincesapp.Table-View-Controller";
				PRODUCT_NAME = "$(TARGET_NAME)";
				SWIFT_VERSION = 5.0;
				TARGETED_DEVICE_FAMILY = "1,2";
			};
			name = Debug;
		};
		D329CE3826D6EB3700551E5D /* Release */ = {
			isa = XCBuildConfiguration;
			buildSettings = {
				ASSETCATALOG_COMPILER_APPICON_NAME = AppIcon;
				ASSETCATALOG_COMPILER_GLOBAL_ACCENT_COLOR_NAME = AccentColor;
				CODE_SIGN_STYLE = Automatic;
				DEVELOPMENT_TEAM = LWABM5NUJY;
				INFOPLIST_FILE = "Table View Controller/Info.plist";
				LD_RUNPATH_SEARCH_PATHS = (
					"$(inherited)",
					"@executable_path/Frameworks",
				);
				PRODUCT_BUNDLE_IDENTIFIER = "br.com.lincesapp.Table-View-Controller";
				PRODUCT_NAME = "$(TARGET_NAME)";
				SWIFT_VERSION = 5.0;
				TARGETED_DEVICE_FAMILY = "1,2";
			};
			name = Release;
		};
		D329CE3A26D6EB3700551E5D /* Debug */ = {
			isa = XCBuildConfiguration;
			buildSettings = {
				ALWAYS_EMBED_SWIFT_STANDARD_LIBRARIES = YES;
				BUNDLE_LOADER = "$(TEST_HOST)";
				CODE_SIGN_STYLE = Automatic;
				DEVELOPMENT_TEAM = LWABM5NUJY;
				INFOPLIST_FILE = "Table View ControllerTests/Info.plist";
				IPHONEOS_DEPLOYMENT_TARGET = 14.5;
				LD_RUNPATH_SEARCH_PATHS = (
					"$(inherited)",
					"@executable_path/Frameworks",
					"@loader_path/Frameworks",
				);
				PRODUCT_BUNDLE_IDENTIFIER = "br.com.lincesapp.Table-View-ControllerTests";
				PRODUCT_NAME = "$(TARGET_NAME)";
				SWIFT_VERSION = 5.0;
				TARGETED_DEVICE_FAMILY = "1,2";
				TEST_HOST = "$(BUILT_PRODUCTS_DIR)/Table View Controller.app/Table View Controller";
			};
			name = Debug;
		};
		D329CE3B26D6EB3700551E5D /* Release */ = {
			isa = XCBuildConfiguration;
			buildSettings = {
				ALWAYS_EMBED_SWIFT_STANDARD_LIBRARIES = YES;
				BUNDLE_LOADER = "$(TEST_HOST)";
				CODE_SIGN_STYLE = Automatic;
				DEVELOPMENT_TEAM = LWABM5NUJY;
				INFOPLIST_FILE = "Table View ControllerTests/Info.plist";
				IPHONEOS_DEPLOYMENT_TARGET = 14.5;
				LD_RUNPATH_SEARCH_PATHS = (
					"$(inherited)",
					"@executable_path/Frameworks",
					"@loader_path/Frameworks",
				);
				PRODUCT_BUNDLE_IDENTIFIER = "br.com.lincesapp.Table-View-ControllerTests";
				PRODUCT_NAME = "$(TARGET_NAME)";
				SWIFT_VERSION = 5.0;
				TARGETED_DEVICE_FAMILY = "1,2";
				TEST_HOST = "$(BUILT_PRODUCTS_DIR)/Table View Controller.app/Table View Controller";
			};
			name = Release;
		};
		D329CE3D26D6EB3700551E5D /* Debug */ = {
			isa = XCBuildConfiguration;
			buildSettings = {
				ALWAYS_EMBED_SWIFT_STANDARD_LIBRARIES = YES;
				CODE_SIGN_STYLE = Automatic;
				DEVELOPMENT_TEAM = LWABM5NUJY;
				INFOPLIST_FILE = "Table View ControllerUITests/Info.plist";
				LD_RUNPATH_SEARCH_PATHS = (
					"$(inherited)",
					"@executable_path/Frameworks",
					"@loader_path/Frameworks",
				);
				PRODUCT_BUNDLE_IDENTIFIER = "br.com.lincesapp.Table-View-ControllerUITests";
				PRODUCT_NAME = "$(TARGET_NAME)";
				SWIFT_VERSION = 5.0;
				TARGETED_DEVICE_FAMILY = "1,2";
				TEST_TARGET_NAME = "Table View Controller";
			};
			name = Debug;
		};
		D329CE3E26D6EB3700551E5D /* Release */ = {
			isa = XCBuildConfiguration;
			buildSettings = {
				ALWAYS_EMBED_SWIFT_STANDARD_LIBRARIES = YES;
				CODE_SIGN_STYLE = Automatic;
				DEVELOPMENT_TEAM = LWABM5NUJY;
				INFOPLIST_FILE = "Table View ControllerUITests/Info.plist";
				LD_RUNPATH_SEARCH_PATHS = (
					"$(inherited)",
					"@executable_path/Frameworks",
					"@loader_path/Frameworks",
				);
				PRODUCT_BUNDLE_IDENTIFIER = "br.com.lincesapp.Table-View-ControllerUITests";
				PRODUCT_NAME = "$(TARGET_NAME)";
				SWIFT_VERSION = 5.0;
				TARGETED_DEVICE_FAMILY = "1,2";
				TEST_TARGET_NAME = "Table View Controller";
			};
			name = Release;
		};
/* End XCBuildConfiguration section */

/* Begin XCConfigurationList section */
		D329CE0426D6EB3500551E5D /* Build configuration list for PBXProject "Table View Controller" */ = {
			isa = XCConfigurationList;
			buildConfigurations = (
				D329CE3426D6EB3700551E5D /* Debug */,
				D329CE3526D6EB3700551E5D /* Release */,
			);
			defaultConfigurationIsVisible = 0;
			defaultConfigurationName = Release;
		};
		D329CE3626D6EB3700551E5D /* Build configuration list for PBXNativeTarget "Table View Controller" */ = {
			isa = XCConfigurationList;
			buildConfigurations = (
				D329CE3726D6EB3700551E5D /* Debug */,
				D329CE3826D6EB3700551E5D /* Release */,
			);
			defaultConfigurationIsVisible = 0;
			defaultConfigurationName = Release;
		};
		D329CE3926D6EB3700551E5D /* Build configuration list for PBXNativeTarget "Table View ControllerTests" */ = {
			isa = XCConfigurationList;
			buildConfigurations = (
				D329CE3A26D6EB3700551E5D /* Debug */,
				D329CE3B26D6EB3700551E5D /* Release */,
			);
			defaultConfigurationIsVisible = 0;
			defaultConfigurationName = Release;
		};
		D329CE3C26D6EB3700551E5D /* Build configuration list for PBXNativeTarget "Table View ControllerUITests" */ = {
			isa = XCConfigurationList;
			buildConfigurations = (
				D329CE3D26D6EB3700551E5D /* Debug */,
				D329CE3E26D6EB3700551E5D /* Release */,
			);
			defaultConfigurationIsVisible = 0;
			defaultConfigurationName = Release;
		};
/* End XCConfigurationList section */

/* Begin XCVersionGroup section */
		D329CE1526D6EB3500551E5D /* Table_View_Controller.xcdatamodeld */ = {
			isa = XCVersionGroup;
			children = (
				D329CE1626D6EB3500551E5D /* Table_View_Controller.xcdatamodel */,
			);
			currentVersion = D329CE1626D6EB3500551E5D /* Table_View_Controller.xcdatamodel */;
			path = Table_View_Controller.xcdatamodeld;
			sourceTree = "<group>";
			versionGroupType = wrapper.xcdatamodel;
		};
/* End XCVersionGroup section */
	};
	rootObject = D329CE0126D6EB3500551E5D /* Project object */;
}
